// !$*UTF8*$!
{
	archiveVersion = 1;
	classes = {
	};
	objectVersion = 51;
	objects = {

/* Begin PBXBuildFile section */
		730EAC06A888A78EDEE39716 /* Pods_tUP.framework in Frameworks */ = {isa = PBXBuildFile; fileRef = 1F903D90257E526A6FCC34F7 /* Pods_tUP.framework */; };
		F4478BCA249D56C0008271D1 /* SimpleModels.swift in Sources */ = {isa = PBXBuildFile; fileRef = F4478BC9249D56C0008271D1 /* SimpleModels.swift */; };
		F4478BCC249D571F008271D1 /* DataBaseModels.swift in Sources */ = {isa = PBXBuildFile; fileRef = F4478BCB249D571F008271D1 /* DataBaseModels.swift */; };
		F4478BCF249D5806008271D1 /* LaunchManager.swift in Sources */ = {isa = PBXBuildFile; fileRef = F4478BCE249D5806008271D1 /* LaunchManager.swift */; };
		F4478BD2249D6A6E008271D1 /* R.generated.swift in Sources */ = {isa = PBXBuildFile; fileRef = F4478BD1249D6A6E008271D1 /* R.generated.swift */; };
		F465A87B24C755760031A3FE /* GoogleService-Info.plist in Resources */ = {isa = PBXBuildFile; fileRef = F465A87A24C755760031A3FE /* GoogleService-Info.plist */; };
		F465A87F24C75E330031A3FE /* FirestoreManager.swift in Sources */ = {isa = PBXBuildFile; fileRef = F465A87E24C75E330031A3FE /* FirestoreManager.swift */; };
		F465A88224C78E580031A3FE /* AuntificationManager.swift in Sources */ = {isa = PBXBuildFile; fileRef = F465A88124C78E580031A3FE /* AuntificationManager.swift */; };
		F465A88524C793E50031A3FE /* UserManager.swift in Sources */ = {isa = PBXBuildFile; fileRef = F465A88424C793E50031A3FE /* UserManager.swift */; };
		F465A88824C795BC0031A3FE /* DataBaseManager.swift in Sources */ = {isa = PBXBuildFile; fileRef = F465A88724C795BC0031A3FE /* DataBaseManager.swift */; };
		F48F28D024EDA46C00D518FC /* AlertsManager.swift in Sources */ = {isa = PBXBuildFile; fileRef = F48F28CF24EDA46C00D518FC /* AlertsManager.swift */; };
		F48F28D324EDA5AD00D518FC /* ConnectivityManager.swift in Sources */ = {isa = PBXBuildFile; fileRef = F48F28D224EDA5AD00D518FC /* ConnectivityManager.swift */; };
		F4C5EE2B2413FA62006EF511 /* AppDelegate.swift in Sources */ = {isa = PBXBuildFile; fileRef = F4C5EE2A2413FA62006EF511 /* AppDelegate.swift */; };
		F4C5EE342413FA64006EF511 /* Assets.xcassets in Resources */ = {isa = PBXBuildFile; fileRef = F4C5EE332413FA64006EF511 /* Assets.xcassets */; };
		F4C5EE372413FA64006EF511 /* LaunchScreen.storyboard in Resources */ = {isa = PBXBuildFile; fileRef = F4C5EE352413FA64006EF511 /* LaunchScreen.storyboard */; };
		F4D7ECCC241404C50086D1BE /* HomePresenter.swift in Sources */ = {isa = PBXBuildFile; fileRef = F4D7ECC6241404C50086D1BE /* HomePresenter.swift */; };
		F4D7ECCD241404C50086D1BE /* HomeWorker.swift in Sources */ = {isa = PBXBuildFile; fileRef = F4D7ECC7241404C50086D1BE /* HomeWorker.swift */; };
		F4D7ECCE241404C50086D1BE /* HomeRouter.swift in Sources */ = {isa = PBXBuildFile; fileRef = F4D7ECC8241404C50086D1BE /* HomeRouter.swift */; };
		F4D7ECCF241404C50086D1BE /* HomeModels.swift in Sources */ = {isa = PBXBuildFile; fileRef = F4D7ECC9241404C50086D1BE /* HomeModels.swift */; };
		F4D7ECD0241404C50086D1BE /* HomeViewController.swift in Sources */ = {isa = PBXBuildFile; fileRef = F4D7ECCA241404C50086D1BE /* HomeViewController.swift */; };
		F4D7ECD1241404C50086D1BE /* HomeInteractor.swift in Sources */ = {isa = PBXBuildFile; fileRef = F4D7ECCB241404C50086D1BE /* HomeInteractor.swift */; };
		F4D7ECD3241405360086D1BE /* Home.storyboard in Resources */ = {isa = PBXBuildFile; fileRef = F4D7ECD2241405360086D1BE /* Home.storyboard */; };
		F4D7ECE824140D9F0086D1BE /* AuthorizationStoryPresenter.swift in Sources */ = {isa = PBXBuildFile; fileRef = F4D7ECE224140D9F0086D1BE /* AuthorizationStoryPresenter.swift */; };
		F4D7ECE924140D9F0086D1BE /* AuthorizationStoryWorker.swift in Sources */ = {isa = PBXBuildFile; fileRef = F4D7ECE324140D9F0086D1BE /* AuthorizationStoryWorker.swift */; };
		F4D7ECEA24140D9F0086D1BE /* AuthorizationStoryRouter.swift in Sources */ = {isa = PBXBuildFile; fileRef = F4D7ECE424140D9F0086D1BE /* AuthorizationStoryRouter.swift */; };
		F4D7ECEB24140D9F0086D1BE /* AuthorizationStoryModels.swift in Sources */ = {isa = PBXBuildFile; fileRef = F4D7ECE524140D9F0086D1BE /* AuthorizationStoryModels.swift */; };
		F4D7ECEC24140D9F0086D1BE /* AuthorizationStoryViewController.swift in Sources */ = {isa = PBXBuildFile; fileRef = F4D7ECE624140D9F0086D1BE /* AuthorizationStoryViewController.swift */; };
		F4D7ECED24140D9F0086D1BE /* AuthorizationStoryInteractor.swift in Sources */ = {isa = PBXBuildFile; fileRef = F4D7ECE724140D9F0086D1BE /* AuthorizationStoryInteractor.swift */; };
		F4D7ED002414238E0086D1BE /* AuthorizationStory.storyboard in Resources */ = {isa = PBXBuildFile; fileRef = F4D7ECFF2414238E0086D1BE /* AuthorizationStory.storyboard */; };
		F4D7ED05241439B70086D1BE /* NetworkManager.swift in Sources */ = {isa = PBXBuildFile; fileRef = F4D7ED04241439B70086D1BE /* NetworkManager.swift */; };
		F4DAE2BA24144334000763DA /* ImitationLaunchScreenInteractor.swift in Sources */ = {isa = PBXBuildFile; fileRef = F4DAE2B924144334000763DA /* ImitationLaunchScreenInteractor.swift */; };
		F4DAE2C024144347000763DA /* ImitationLaunchScreenWorker.swift in Sources */ = {isa = PBXBuildFile; fileRef = F4DAE2BB24144347000763DA /* ImitationLaunchScreenWorker.swift */; };
		F4DAE2C124144347000763DA /* ImitationLaunchScreenViewController.swift in Sources */ = {isa = PBXBuildFile; fileRef = F4DAE2BC24144347000763DA /* ImitationLaunchScreenViewController.swift */; };
		F4DAE2C224144347000763DA /* ImitationLaunchScreenRouter.swift in Sources */ = {isa = PBXBuildFile; fileRef = F4DAE2BD24144347000763DA /* ImitationLaunchScreenRouter.swift */; };
		F4DAE2C324144347000763DA /* ImitationLaunchScreenPresenter.swift in Sources */ = {isa = PBXBuildFile; fileRef = F4DAE2BE24144347000763DA /* ImitationLaunchScreenPresenter.swift */; };
		F4DAE2C424144347000763DA /* ImitationLaunchScreenModels.swift in Sources */ = {isa = PBXBuildFile; fileRef = F4DAE2BF24144347000763DA /* ImitationLaunchScreenModels.swift */; };
		F4DAE2C82414518B000763DA /* ImitationLaunchScreen.storyboard in Resources */ = {isa = PBXBuildFile; fileRef = F4DAE2C72414518A000763DA /* ImitationLaunchScreen.storyboard */; };
		F4DFB3A5249E139B00E40B48 /* NeonTubes2.otf in Resources */ = {isa = PBXBuildFile; fileRef = F4DFB3A4249E139B00E40B48 /* NeonTubes2.otf */; };
/* End PBXBuildFile section */

/* Begin PBXFileReference section */
		1F903D90257E526A6FCC34F7 /* Pods_tUP.framework */ = {isa = PBXFileReference; explicitFileType = wrapper.framework; includeInIndex = 0; path = Pods_tUP.framework; sourceTree = BUILT_PRODUCTS_DIR; };
		73BC08EA55625AC2263E4E02 /* Pods-tUP.release.xcconfig */ = {isa = PBXFileReference; includeInIndex = 1; lastKnownFileType = text.xcconfig; name = "Pods-tUP.release.xcconfig"; path = "Target Support Files/Pods-tUP/Pods-tUP.release.xcconfig"; sourceTree = "<group>"; };
		833ED8627106000483168F6D /* Pods-tUP.debug.xcconfig */ = {isa = PBXFileReference; includeInIndex = 1; lastKnownFileType = text.xcconfig; name = "Pods-tUP.debug.xcconfig"; path = "Target Support Files/Pods-tUP/Pods-tUP.debug.xcconfig"; sourceTree = "<group>"; };
		F4478BC9249D56C0008271D1 /* SimpleModels.swift */ = {isa = PBXFileReference; lastKnownFileType = sourcecode.swift; path = SimpleModels.swift; sourceTree = "<group>"; };
		F4478BCB249D571F008271D1 /* DataBaseModels.swift */ = {isa = PBXFileReference; lastKnownFileType = sourcecode.swift; path = DataBaseModels.swift; sourceTree = "<group>"; };
		F4478BCE249D5806008271D1 /* LaunchManager.swift */ = {isa = PBXFileReference; lastKnownFileType = sourcecode.swift; path = LaunchManager.swift; sourceTree = "<group>"; };
		F4478BD1249D6A6E008271D1 /* R.generated.swift */ = {isa = PBXFileReference; fileEncoding = 4; lastKnownFileType = sourcecode.swift; path = R.generated.swift; sourceTree = SOURCE_ROOT; };
		F465A87A24C755760031A3FE /* GoogleService-Info.plist */ = {isa = PBXFileReference; fileEncoding = 4; lastKnownFileType = text.plist.xml; path = "GoogleService-Info.plist"; sourceTree = "<group>"; };
		F465A87E24C75E330031A3FE /* FirestoreManager.swift */ = {isa = PBXFileReference; lastKnownFileType = sourcecode.swift; path = FirestoreManager.swift; sourceTree = "<group>"; };
		F465A88124C78E580031A3FE /* AuntificationManager.swift */ = {isa = PBXFileReference; lastKnownFileType = sourcecode.swift; path = AuntificationManager.swift; sourceTree = "<group>"; };
		F465A88424C793E50031A3FE /* UserManager.swift */ = {isa = PBXFileReference; lastKnownFileType = sourcecode.swift; path = UserManager.swift; sourceTree = "<group>"; };
		F465A88724C795BC0031A3FE /* DataBaseManager.swift */ = {isa = PBXFileReference; lastKnownFileType = sourcecode.swift; path = DataBaseManager.swift; sourceTree = "<group>"; };
		F48F28CF24EDA46C00D518FC /* AlertsManager.swift */ = {isa = PBXFileReference; lastKnownFileType = sourcecode.swift; path = AlertsManager.swift; sourceTree = "<group>"; };
		F48F28D224EDA5AD00D518FC /* ConnectivityManager.swift */ = {isa = PBXFileReference; lastKnownFileType = sourcecode.swift; path = ConnectivityManager.swift; sourceTree = "<group>"; };
		F4C5EE272413FA62006EF511 /* PicORY.app */ = {isa = PBXFileReference; explicitFileType = wrapper.application; includeInIndex = 0; path = PicORY.app; sourceTree = BUILT_PRODUCTS_DIR; };
		F4C5EE2A2413FA62006EF511 /* AppDelegate.swift */ = {isa = PBXFileReference; lastKnownFileType = sourcecode.swift; path = AppDelegate.swift; sourceTree = "<group>"; };
		F4C5EE332413FA64006EF511 /* Assets.xcassets */ = {isa = PBXFileReference; lastKnownFileType = folder.assetcatalog; path = Assets.xcassets; sourceTree = "<group>"; };
		F4C5EE362413FA64006EF511 /* Base */ = {isa = PBXFileReference; lastKnownFileType = file.storyboard; name = Base; path = Base.lproj/LaunchScreen.storyboard; sourceTree = "<group>"; };
		F4C5EE382413FA64006EF511 /* Info.plist */ = {isa = PBXFileReference; lastKnownFileType = text.plist.xml; path = Info.plist; sourceTree = "<group>"; };
		F4D7ECC6241404C50086D1BE /* HomePresenter.swift */ = {isa = PBXFileReference; lastKnownFileType = sourcecode.swift; path = HomePresenter.swift; sourceTree = "<group>"; };
		F4D7ECC7241404C50086D1BE /* HomeWorker.swift */ = {isa = PBXFileReference; lastKnownFileType = sourcecode.swift; path = HomeWorker.swift; sourceTree = "<group>"; };
		F4D7ECC8241404C50086D1BE /* HomeRouter.swift */ = {isa = PBXFileReference; lastKnownFileType = sourcecode.swift; path = HomeRouter.swift; sourceTree = "<group>"; };
		F4D7ECC9241404C50086D1BE /* HomeModels.swift */ = {isa = PBXFileReference; lastKnownFileType = sourcecode.swift; path = HomeModels.swift; sourceTree = "<group>"; };
		F4D7ECCA241404C50086D1BE /* HomeViewController.swift */ = {isa = PBXFileReference; lastKnownFileType = sourcecode.swift; path = HomeViewController.swift; sourceTree = "<group>"; };
		F4D7ECCB241404C50086D1BE /* HomeInteractor.swift */ = {isa = PBXFileReference; lastKnownFileType = sourcecode.swift; path = HomeInteractor.swift; sourceTree = "<group>"; };
		F4D7ECD2241405360086D1BE /* Home.storyboard */ = {isa = PBXFileReference; lastKnownFileType = file.storyboard; path = Home.storyboard; sourceTree = "<group>"; };
		F4D7ECE224140D9F0086D1BE /* AuthorizationStoryPresenter.swift */ = {isa = PBXFileReference; lastKnownFileType = sourcecode.swift; path = AuthorizationStoryPresenter.swift; sourceTree = "<group>"; };
		F4D7ECE324140D9F0086D1BE /* AuthorizationStoryWorker.swift */ = {isa = PBXFileReference; lastKnownFileType = sourcecode.swift; path = AuthorizationStoryWorker.swift; sourceTree = "<group>"; };
		F4D7ECE424140D9F0086D1BE /* AuthorizationStoryRouter.swift */ = {isa = PBXFileReference; lastKnownFileType = sourcecode.swift; path = AuthorizationStoryRouter.swift; sourceTree = "<group>"; };
		F4D7ECE524140D9F0086D1BE /* AuthorizationStoryModels.swift */ = {isa = PBXFileReference; lastKnownFileType = sourcecode.swift; path = AuthorizationStoryModels.swift; sourceTree = "<group>"; };
		F4D7ECE624140D9F0086D1BE /* AuthorizationStoryViewController.swift */ = {isa = PBXFileReference; lastKnownFileType = sourcecode.swift; path = AuthorizationStoryViewController.swift; sourceTree = "<group>"; };
		F4D7ECE724140D9F0086D1BE /* AuthorizationStoryInteractor.swift */ = {isa = PBXFileReference; lastKnownFileType = sourcecode.swift; path = AuthorizationStoryInteractor.swift; sourceTree = "<group>"; };
		F4D7ECFF2414238E0086D1BE /* AuthorizationStory.storyboard */ = {isa = PBXFileReference; lastKnownFileType = file.storyboard; path = AuthorizationStory.storyboard; sourceTree = "<group>"; };
		F4D7ED04241439B70086D1BE /* NetworkManager.swift */ = {isa = PBXFileReference; lastKnownFileType = sourcecode.swift; path = NetworkManager.swift; sourceTree = "<group>"; };
		F4DAE2B924144334000763DA /* ImitationLaunchScreenInteractor.swift */ = {isa = PBXFileReference; fileEncoding = 4; lastKnownFileType = sourcecode.swift; path = ImitationLaunchScreenInteractor.swift; sourceTree = "<group>"; };
		F4DAE2BB24144347000763DA /* ImitationLaunchScreenWorker.swift */ = {isa = PBXFileReference; fileEncoding = 4; lastKnownFileType = sourcecode.swift; path = ImitationLaunchScreenWorker.swift; sourceTree = "<group>"; };
		F4DAE2BC24144347000763DA /* ImitationLaunchScreenViewController.swift */ = {isa = PBXFileReference; fileEncoding = 4; lastKnownFileType = sourcecode.swift; path = ImitationLaunchScreenViewController.swift; sourceTree = "<group>"; };
		F4DAE2BD24144347000763DA /* ImitationLaunchScreenRouter.swift */ = {isa = PBXFileReference; fileEncoding = 4; lastKnownFileType = sourcecode.swift; path = ImitationLaunchScreenRouter.swift; sourceTree = "<group>"; };
		F4DAE2BE24144347000763DA /* ImitationLaunchScreenPresenter.swift */ = {isa = PBXFileReference; fileEncoding = 4; lastKnownFileType = sourcecode.swift; path = ImitationLaunchScreenPresenter.swift; sourceTree = "<group>"; };
		F4DAE2BF24144347000763DA /* ImitationLaunchScreenModels.swift */ = {isa = PBXFileReference; fileEncoding = 4; lastKnownFileType = sourcecode.swift; path = ImitationLaunchScreenModels.swift; sourceTree = "<group>"; };
		F4DAE2C72414518A000763DA /* ImitationLaunchScreen.storyboard */ = {isa = PBXFileReference; fileEncoding = 4; lastKnownFileType = file.storyboard; path = ImitationLaunchScreen.storyboard; sourceTree = "<group>"; };
		F4DFB3A4249E139B00E40B48 /* NeonTubes2.otf */ = {isa = PBXFileReference; lastKnownFileType = file; path = NeonTubes2.otf; sourceTree = "<group>"; };
/* End PBXFileReference section */

/* Begin PBXFrameworksBuildPhase section */
		F4C5EE242413FA62006EF511 /* Frameworks */ = {
			isa = PBXFrameworksBuildPhase;
			buildActionMask = 2147483647;
			files = (
				730EAC06A888A78EDEE39716 /* Pods_tUP.framework in Frameworks */,
			);
			runOnlyForDeploymentPostprocessing = 0;
		};
/* End PBXFrameworksBuildPhase section */

/* Begin PBXGroup section */
		15D02BF4546DF9E9B911E80F /* Frameworks */ = {
			isa = PBXGroup;
			children = (
				1F903D90257E526A6FCC34F7 /* Pods_tUP.framework */,
			);
			name = Frameworks;
			sourceTree = "<group>";
		};
		C4EFA2823F78D1E6C66C3448 /* Pods */ = {
			isa = PBXGroup;
			children = (
				833ED8627106000483168F6D /* Pods-tUP.debug.xcconfig */,
				73BC08EA55625AC2263E4E02 /* Pods-tUP.release.xcconfig */,
			);
			path = Pods;
			sourceTree = "<group>";
		};
		F4478BC7249D5651008271D1 /* Manager's */ = {
			isa = PBXGroup;
			children = (
				F48F28D124EDA5A000D518FC /* Connectivity */,
				F48F28CE24EDA43A00D518FC /* Alerts */,
				F465A88324C793D50031A3FE /* User */,
				F465A88024C78DE60031A3FE /* Auntification */,
				F465A87C24C75DF40031A3FE /* Database */,
				F4478BCD249D57AD008271D1 /* ApplicationState */,
				F4D7ED03241439590086D1BE /* Network */,
			);
			path = "Manager's";
			sourceTree = "<group>";
		};
		F4478BCD249D57AD008271D1 /* ApplicationState */ = {
			isa = PBXGroup;
			children = (
				F4478BCE249D5806008271D1 /* LaunchManager.swift */,
			);
			path = ApplicationState;
			sourceTree = "<group>";
		};
		F465A87C24C75DF40031A3FE /* Database */ = {
			isa = PBXGroup;
			children = (
				F465A88624C795940031A3FE /* DataStore */,
				F465A87D24C75E1B0031A3FE /* Firestore */,
			);
			path = Database;
			sourceTree = "<group>";
		};
		F465A87D24C75E1B0031A3FE /* Firestore */ = {
			isa = PBXGroup;
			children = (
				F465A87E24C75E330031A3FE /* FirestoreManager.swift */,
			);
			path = Firestore;
			sourceTree = "<group>";
		};
		F465A88024C78DE60031A3FE /* Auntification */ = {
			isa = PBXGroup;
			children = (
				F465A88124C78E580031A3FE /* AuntificationManager.swift */,
			);
			path = Auntification;
			sourceTree = "<group>";
		};
		F465A88324C793D50031A3FE /* User */ = {
			isa = PBXGroup;
			children = (
				F465A88424C793E50031A3FE /* UserManager.swift */,
			);
			path = User;
			sourceTree = "<group>";
		};
		F465A88624C795940031A3FE /* DataStore */ = {
			isa = PBXGroup;
			children = (
				F465A88724C795BC0031A3FE /* DataBaseManager.swift */,
			);
			path = DataStore;
			sourceTree = "<group>";
		};
		F48F28CE24EDA43A00D518FC /* Alerts */ = {
			isa = PBXGroup;
			children = (
				F48F28CF24EDA46C00D518FC /* AlertsManager.swift */,
			);
			path = Alerts;
			sourceTree = "<group>";
		};
		F48F28D124EDA5A000D518FC /* Connectivity */ = {
			isa = PBXGroup;
			children = (
				F48F28D224EDA5AD00D518FC /* ConnectivityManager.swift */,
			);
			path = Connectivity;
			sourceTree = "<group>";
		};
		F4C5EE1E2413FA62006EF511 = {
			isa = PBXGroup;
			children = (
				F4C5EE292413FA62006EF511 /* tUP */,
				F4C5EE282413FA62006EF511 /* Products */,
				C4EFA2823F78D1E6C66C3448 /* Pods */,
				15D02BF4546DF9E9B911E80F /* Frameworks */,
			);
			sourceTree = "<group>";
		};
		F4C5EE282413FA62006EF511 /* Products */ = {
			isa = PBXGroup;
			children = (
				F4C5EE272413FA62006EF511 /* PicORY.app */,
			);
			name = Products;
			sourceTree = "<group>";
		};
		F4C5EE292413FA62006EF511 /* tUP */ = {
			isa = PBXGroup;
			children = (
				F4D7ECB52414005B0086D1BE /* ApplicationLayer */,
				F4C5EE2A2413FA62006EF511 /* AppDelegate.swift */,
				F4C5EE352413FA64006EF511 /* LaunchScreen.storyboard */,
				F465A87A24C755760031A3FE /* GoogleService-Info.plist */,
				F4478BD1249D6A6E008271D1 /* R.generated.swift */,
				F4C5EE382413FA64006EF511 /* Info.plist */,
				F4DFB3A3249E136400E40B48 /* Font's */,
				F4D7ECB4241400110086D1BE /* Xcassets */,
			);
			path = tUP;
			sourceTree = "<group>";
		};
		F4D7ECB4241400110086D1BE /* Xcassets */ = {
			isa = PBXGroup;
			children = (
				F4C5EE332413FA64006EF511 /* Assets.xcassets */,
			);
			path = Xcassets;
			sourceTree = "<group>";
		};
		F4D7ECB52414005B0086D1BE /* ApplicationLayer */ = {
			isa = PBXGroup;
			children = (
				F4D7ED02241439100086D1BE /* Scene's */,
				F4D7ED01241439000086D1BE /* Support */,
				F4D7ED0624143D4C0086D1BE /* Model's */,
			);
			path = ApplicationLayer;
			sourceTree = "<group>";
		};
		F4D7ECC2241401F80086D1BE /* CustomLaunchScreen */ = {
			isa = PBXGroup;
			children = (
				F4D7ECD424140B8D0086D1BE /* ImitationLaunchScreen */,
				F4D7ECE124140D450086D1BE /* AuthorizationStory */,
			);
			path = CustomLaunchScreen;
			sourceTree = "<group>";
		};
		F4D7ECC5241404950086D1BE /* Home */ = {
			isa = PBXGroup;
			children = (
				F4D7ECCA241404C50086D1BE /* HomeViewController.swift */,
				F4D7ECC6241404C50086D1BE /* HomePresenter.swift */,
				F4D7ECC7241404C50086D1BE /* HomeWorker.swift */,
				F4D7ECC8241404C50086D1BE /* HomeRouter.swift */,
				F4D7ECC9241404C50086D1BE /* HomeModels.swift */,
				F4D7ECCB241404C50086D1BE /* HomeInteractor.swift */,
				F4D7ECD2241405360086D1BE /* Home.storyboard */,
			);
			path = Home;
			sourceTree = "<group>";
		};
		F4D7ECD424140B8D0086D1BE /* ImitationLaunchScreen */ = {
			isa = PBXGroup;
			children = (
				F4DAE2BC24144347000763DA /* ImitationLaunchScreenViewController.swift */,
				F4DAE2B924144334000763DA /* ImitationLaunchScreenInteractor.swift */,
				F4DAE2BE24144347000763DA /* ImitationLaunchScreenPresenter.swift */,
				F4DAE2BD24144347000763DA /* ImitationLaunchScreenRouter.swift */,
				F4DAE2BB24144347000763DA /* ImitationLaunchScreenWorker.swift */,
				F4DAE2BF24144347000763DA /* ImitationLaunchScreenModels.swift */,
				F4DAE2C72414518A000763DA /* ImitationLaunchScreen.storyboard */,
			);
			path = ImitationLaunchScreen;
			sourceTree = "<group>";
		};
		F4D7ECE124140D450086D1BE /* AuthorizationStory */ = {
			isa = PBXGroup;
			children = (
				F4D7ECE624140D9F0086D1BE /* AuthorizationStoryViewController.swift */,
				F4D7ECE724140D9F0086D1BE /* AuthorizationStoryInteractor.swift */,
				F4D7ECE224140D9F0086D1BE /* AuthorizationStoryPresenter.swift */,
				F4D7ECE324140D9F0086D1BE /* AuthorizationStoryWorker.swift */,
				F4D7ECE424140D9F0086D1BE /* AuthorizationStoryRouter.swift */,
				F4D7ECE524140D9F0086D1BE /* AuthorizationStoryModels.swift */,
				F4D7ECFF2414238E0086D1BE /* AuthorizationStory.storyboard */,
			);
			path = AuthorizationStory;
			sourceTree = "<group>";
		};
		F4D7ED01241439000086D1BE /* Support */ = {
			isa = PBXGroup;
			children = (
				F4DFB3AA249E23A000E40B48 /* CustomeUI */,
				F4DFB3A6249E1A5200E40B48 /* Extension's */,
				F4478BC7249D5651008271D1 /* Manager's */,
			);
			path = Support;
			sourceTree = "<group>";
		};
		F4D7ED02241439100086D1BE /* Scene's */ = {
			isa = PBXGroup;
			children = (
				F4D7ECC2241401F80086D1BE /* CustomLaunchScreen */,
				F4D7ECC5241404950086D1BE /* Home */,
			);
			path = "Scene's";
			sourceTree = "<group>";
		};
		F4D7ED03241439590086D1BE /* Network */ = {
			isa = PBXGroup;
			children = (
				F4D7ED04241439B70086D1BE /* NetworkManager.swift */,
			);
			path = Network;
			sourceTree = "<group>";
		};
		F4D7ED0624143D4C0086D1BE /* Model's */ = {
			isa = PBXGroup;
			children = (
				F4478BC9249D56C0008271D1 /* SimpleModels.swift */,
				F4478BCB249D571F008271D1 /* DataBaseModels.swift */,
			);
			path = "Model's";
			sourceTree = "<group>";
		};
		F4DFB3A3249E136400E40B48 /* Font's */ = {
			isa = PBXGroup;
			children = (
				F4DFB3A4249E139B00E40B48 /* NeonTubes2.otf */,
			);
			path = "Font's";
			sourceTree = "<group>";
		};
		F4DFB3A6249E1A5200E40B48 /* Extension's */ = {
			isa = PBXGroup;
			children = (
			);
			path = "Extension's";
			sourceTree = "<group>";
		};
		F4DFB3AA249E23A000E40B48 /* CustomeUI */ = {
			isa = PBXGroup;
			children = (
			);
			path = CustomeUI;
			sourceTree = "<group>";
		};
/* End PBXGroup section */

/* Begin PBXNativeTarget section */
		F4C5EE262413FA62006EF511 /* tUP */ = {
			isa = PBXNativeTarget;
			buildConfigurationList = F4C5EE3B2413FA64006EF511 /* Build configuration list for PBXNativeTarget "tUP" */;
			buildPhases = (
				299EE2FB56734FFAF69A1869 /* [CP] Check Pods Manifest.lock */,
				F4D7ECEE24140EE90086D1BE /* R.swift */,
				F4C5EE232413FA62006EF511 /* Sources */,
				F4C5EE242413FA62006EF511 /* Frameworks */,
				F4C5EE252413FA62006EF511 /* Resources */,
				61FA630F46C914639AF3F6FB /* [CP] Embed Pods Frameworks */,
			);
			buildRules = (
			);
			dependencies = (
			);
			name = tUP;
			productName = tUP;
			productReference = F4C5EE272413FA62006EF511 /* PicORY.app */;
			productType = "com.apple.product-type.application";
		};
/* End PBXNativeTarget section */

/* Begin PBXProject section */
		F4C5EE1F2413FA62006EF511 /* Project object */ = {
			isa = PBXProject;
			attributes = {
				LastSwiftUpdateCheck = 1130;
				LastUpgradeCheck = 1130;
				ORGANIZATIONNAME = Home;
				TargetAttributes = {
					F4C5EE262413FA62006EF511 = {
						CreatedOnToolsVersion = 11.3.1;
					};
				};
			};
			buildConfigurationList = F4C5EE222413FA62006EF511 /* Build configuration list for PBXProject "tUP" */;
			compatibilityVersion = "Xcode 9.3";
			developmentRegion = en;
			hasScannedForEncodings = 0;
			knownRegions = (
				en,
				Base,
			);
			mainGroup = F4C5EE1E2413FA62006EF511;
			productRefGroup = F4C5EE282413FA62006EF511 /* Products */;
			projectDirPath = "";
			projectRoot = "";
			targets = (
				F4C5EE262413FA62006EF511 /* tUP */,
			);
		};
/* End PBXProject section */

/* Begin PBXResourcesBuildPhase section */
		F4C5EE252413FA62006EF511 /* Resources */ = {
			isa = PBXResourcesBuildPhase;
			buildActionMask = 2147483647;
			files = (
				F4C5EE372413FA64006EF511 /* LaunchScreen.storyboard in Resources */,
				F4DFB3A5249E139B00E40B48 /* NeonTubes2.otf in Resources */,
				F4C5EE342413FA64006EF511 /* Assets.xcassets in Resources */,
				F465A87B24C755760031A3FE /* GoogleService-Info.plist in Resources */,
				F4D7ECD3241405360086D1BE /* Home.storyboard in Resources */,
				F4DAE2C82414518B000763DA /* ImitationLaunchScreen.storyboard in Resources */,
				F4D7ED002414238E0086D1BE /* AuthorizationStory.storyboard in Resources */,
			);
			runOnlyForDeploymentPostprocessing = 0;
		};
/* End PBXResourcesBuildPhase section */

/* Begin PBXShellScriptBuildPhase section */
		299EE2FB56734FFAF69A1869 /* [CP] Check Pods Manifest.lock */ = {
			isa = PBXShellScriptBuildPhase;
			buildActionMask = 2147483647;
			files = (
			);
			inputFileListPaths = (
			);
			inputPaths = (
				"${PODS_PODFILE_DIR_PATH}/Podfile.lock",
				"${PODS_ROOT}/Manifest.lock",
			);
			name = "[CP] Check Pods Manifest.lock";
			outputFileListPaths = (
			);
			outputPaths = (
				"$(DERIVED_FILE_DIR)/Pods-tUP-checkManifestLockResult.txt",
			);
			runOnlyForDeploymentPostprocessing = 0;
			shellPath = /bin/sh;
			shellScript = "diff \"${PODS_PODFILE_DIR_PATH}/Podfile.lock\" \"${PODS_ROOT}/Manifest.lock\" > /dev/null\nif [ $? != 0 ] ; then\n    # print error to STDERR\n    echo \"error: The sandbox is not in sync with the Podfile.lock. Run 'pod install' or update your CocoaPods installation.\" >&2\n    exit 1\nfi\n# This output is used by Xcode 'outputs' to avoid re-running this script phase.\necho \"SUCCESS\" > \"${SCRIPT_OUTPUT_FILE_0}\"\n";
			showEnvVarsInLog = 0;
		};
		61FA630F46C914639AF3F6FB /* [CP] Embed Pods Frameworks */ = {
			isa = PBXShellScriptBuildPhase;
			buildActionMask = 2147483647;
			files = (
			);
			inputFileListPaths = (
				"${PODS_ROOT}/Target Support Files/Pods-tUP/Pods-tUP-frameworks-${CONFIGURATION}-input-files.xcfilelist",
			);
			name = "[CP] Embed Pods Frameworks";
			outputFileListPaths = (
				"${PODS_ROOT}/Target Support Files/Pods-tUP/Pods-tUP-frameworks-${CONFIGURATION}-output-files.xcfilelist",
			);
			runOnlyForDeploymentPostprocessing = 0;
			shellPath = /bin/sh;
			shellScript = "\"${PODS_ROOT}/Target Support Files/Pods-tUP/Pods-tUP-frameworks.sh\"\n";
			showEnvVarsInLog = 0;
		};
		F4D7ECEE24140EE90086D1BE /* R.swift */ = {
			isa = PBXShellScriptBuildPhase;
			buildActionMask = 2147483647;
			files = (
			);
			inputFileListPaths = (
			);
			inputPaths = (
				"$TEMP_DIR/rswift-lastrun",
			);
			name = R.swift;
			outputFileListPaths = (
			);
			outputPaths = (
				$SRCROOT/R.generated.swift,
			);
			runOnlyForDeploymentPostprocessing = 0;
			shellPath = /bin/sh;
			shellScript = "\"$PODS_ROOT/R.swift/rswift\" generate \"$SRCROOT/R.generated.swift\"\n\n";
		};
/* End PBXShellScriptBuildPhase section */

/* Begin PBXSourcesBuildPhase section */
		F4C5EE232413FA62006EF511 /* Sources */ = {
			isa = PBXSourcesBuildPhase;
			buildActionMask = 2147483647;
			files = (
				F4D7ECEB24140D9F0086D1BE /* AuthorizationStoryModels.swift in Sources */,
				F4D7ED05241439B70086D1BE /* NetworkManager.swift in Sources */,
				F4478BCA249D56C0008271D1 /* SimpleModels.swift in Sources */,
				F4DAE2C324144347000763DA /* ImitationLaunchScreenPresenter.swift in Sources */,
				F465A88824C795BC0031A3FE /* DataBaseManager.swift in Sources */,
				F4D7ECED24140D9F0086D1BE /* AuthorizationStoryInteractor.swift in Sources */,
				F4478BCC249D571F008271D1 /* DataBaseModels.swift in Sources */,
				F4D7ECCD241404C50086D1BE /* HomeWorker.swift in Sources */,
				F4C5EE2B2413FA62006EF511 /* AppDelegate.swift in Sources */,
				F4D7ECE824140D9F0086D1BE /* AuthorizationStoryPresenter.swift in Sources */,
				F4478BCF249D5806008271D1 /* LaunchManager.swift in Sources */,
				F465A88224C78E580031A3FE /* AuntificationManager.swift in Sources */,
				F4DAE2C424144347000763DA /* ImitationLaunchScreenModels.swift in Sources */,
				F4478BD2249D6A6E008271D1 /* R.generated.swift in Sources */,
				F4DAE2C024144347000763DA /* ImitationLaunchScreenWorker.swift in Sources */,
				F4D7ECD1241404C50086D1BE /* HomeInteractor.swift in Sources */,
				F4D7ECCC241404C50086D1BE /* HomePresenter.swift in Sources */,
				F4D7ECCE241404C50086D1BE /* HomeRouter.swift in Sources */,
				F48F28D324EDA5AD00D518FC /* ConnectivityManager.swift in Sources */,
				F465A87F24C75E330031A3FE /* FirestoreManager.swift in Sources */,
				F465A88524C793E50031A3FE /* UserManager.swift in Sources */,
				F4DAE2C124144347000763DA /* ImitationLaunchScreenViewController.swift in Sources */,
				F4D7ECCF241404C50086D1BE /* HomeModels.swift in Sources */,
				F4D7ECEA24140D9F0086D1BE /* AuthorizationStoryRouter.swift in Sources */,
				F4D7ECEC24140D9F0086D1BE /* AuthorizationStoryViewController.swift in Sources */,
				F48F28D024EDA46C00D518FC /* AlertsManager.swift in Sources */,
				F4D7ECD0241404C50086D1BE /* HomeViewController.swift in Sources */,
				F4DAE2BA24144334000763DA /* ImitationLaunchScreenInteractor.swift in Sources */,
				F4DAE2C224144347000763DA /* ImitationLaunchScreenRouter.swift in Sources */,
				F4D7ECE924140D9F0086D1BE /* AuthorizationStoryWorker.swift in Sources */,
			);
			runOnlyForDeploymentPostprocessing = 0;
		};
/* End PBXSourcesBuildPhase section */

/* Begin PBXVariantGroup section */
		F4C5EE352413FA64006EF511 /* LaunchScreen.storyboard */ = {
			isa = PBXVariantGroup;
			children = (
				F4C5EE362413FA64006EF511 /* Base */,
			);
			name = LaunchScreen.storyboard;
			sourceTree = "<group>";
		};
/* End PBXVariantGroup section */

/* Begin XCBuildConfiguration section */
		F4C5EE392413FA64006EF511 /* Debug */ = {
			isa = XCBuildConfiguration;
			buildSettings = {
				ALWAYS_SEARCH_USER_PATHS = NO;
				CLANG_ANALYZER_NONNULL = YES;
				CLANG_ANALYZER_NUMBER_OBJECT_CONVERSION = YES_AGGRESSIVE;
				CLANG_CXX_LANGUAGE_STANDARD = "gnu++14";
				CLANG_CXX_LIBRARY = "libc++";
				CLANG_ENABLE_MODULES = YES;
				CLANG_ENABLE_OBJC_ARC = YES;
				CLANG_ENABLE_OBJC_WEAK = YES;
				CLANG_WARN_BLOCK_CAPTURE_AUTORELEASING = YES;
				CLANG_WARN_BOOL_CONVERSION = YES;
				CLANG_WARN_COMMA = YES;
				CLANG_WARN_CONSTANT_CONVERSION = YES;
				CLANG_WARN_DEPRECATED_OBJC_IMPLEMENTATIONS = YES;
				CLANG_WARN_DIRECT_OBJC_ISA_USAGE = YES_ERROR;
				CLANG_WARN_DOCUMENTATION_COMMENTS = YES;
				CLANG_WARN_EMPTY_BODY = YES;
				CLANG_WARN_ENUM_CONVERSION = YES;
				CLANG_WARN_INFINITE_RECURSION = YES;
				CLANG_WARN_INT_CONVERSION = YES;
				CLANG_WARN_NON_LITERAL_NULL_CONVERSION = YES;
				CLANG_WARN_OBJC_IMPLICIT_RETAIN_SELF = YES;
				CLANG_WARN_OBJC_LITERAL_CONVERSION = YES;
				CLANG_WARN_OBJC_ROOT_CLASS = YES_ERROR;
				CLANG_WARN_RANGE_LOOP_ANALYSIS = YES;
				CLANG_WARN_STRICT_PROTOTYPES = YES;
				CLANG_WARN_SUSPICIOUS_MOVE = YES;
				CLANG_WARN_UNGUARDED_AVAILABILITY = YES_AGGRESSIVE;
				CLANG_WARN_UNREACHABLE_CODE = YES;
				CLANG_WARN__DUPLICATE_METHOD_MATCH = YES;
				COPY_PHASE_STRIP = NO;
				DEBUG_INFORMATION_FORMAT = dwarf;
				ENABLE_STRICT_OBJC_MSGSEND = YES;
				ENABLE_TESTABILITY = YES;
				GCC_C_LANGUAGE_STANDARD = gnu11;
				GCC_DYNAMIC_NO_PIC = NO;
				GCC_NO_COMMON_BLOCKS = YES;
				GCC_OPTIMIZATION_LEVEL = 0;
				GCC_PREPROCESSOR_DEFINITIONS = (
					"DEBUG=1",
					"$(inherited)",
				);
				GCC_WARN_64_TO_32_BIT_CONVERSION = YES;
				GCC_WARN_ABOUT_RETURN_TYPE = YES_ERROR;
				GCC_WARN_UNDECLARED_SELECTOR = YES;
				GCC_WARN_UNINITIALIZED_AUTOS = YES_AGGRESSIVE;
				GCC_WARN_UNUSED_FUNCTION = YES;
				GCC_WARN_UNUSED_VARIABLE = YES;
				IPHONEOS_DEPLOYMENT_TARGET = 11.4;
				MTL_ENABLE_DEBUG_INFO = INCLUDE_SOURCE;
				MTL_FAST_MATH = YES;
				ONLY_ACTIVE_ARCH = YES;
				SDKROOT = iphoneos;
				SWIFT_ACTIVE_COMPILATION_CONDITIONS = DEBUG;
				SWIFT_OPTIMIZATION_LEVEL = "-Onone";
			};
			name = Debug;
		};
		F4C5EE3A2413FA64006EF511 /* Release */ = {
			isa = XCBuildConfiguration;
			buildSettings = {
				ALWAYS_SEARCH_USER_PATHS = NO;
				CLANG_ANALYZER_NONNULL = YES;
				CLANG_ANALYZER_NUMBER_OBJECT_CONVERSION = YES_AGGRESSIVE;
				CLANG_CXX_LANGUAGE_STANDARD = "gnu++14";
				CLANG_CXX_LIBRARY = "libc++";
				CLANG_ENABLE_MODULES = YES;
				CLANG_ENABLE_OBJC_ARC = YES;
				CLANG_ENABLE_OBJC_WEAK = YES;
				CLANG_WARN_BLOCK_CAPTURE_AUTORELEASING = YES;
				CLANG_WARN_BOOL_CONVERSION = YES;
				CLANG_WARN_COMMA = YES;
				CLANG_WARN_CONSTANT_CONVERSION = YES;
				CLANG_WARN_DEPRECATED_OBJC_IMPLEMENTATIONS = YES;
				CLANG_WARN_DIRECT_OBJC_ISA_USAGE = YES_ERROR;
				CLANG_WARN_DOCUMENTATION_COMMENTS = YES;
				CLANG_WARN_EMPTY_BODY = YES;
				CLANG_WARN_ENUM_CONVERSION = YES;
				CLANG_WARN_INFINITE_RECURSION = YES;
				CLANG_WARN_INT_CONVERSION = YES;
				CLANG_WARN_NON_LITERAL_NULL_CONVERSION = YES;
				CLANG_WARN_OBJC_IMPLICIT_RETAIN_SELF = YES;
				CLANG_WARN_OBJC_LITERAL_CONVERSION = YES;
				CLANG_WARN_OBJC_ROOT_CLASS = YES_ERROR;
				CLANG_WARN_RANGE_LOOP_ANALYSIS = YES;
				CLANG_WARN_STRICT_PROTOTYPES = YES;
				CLANG_WARN_SUSPICIOUS_MOVE = YES;
				CLANG_WARN_UNGUARDED_AVAILABILITY = YES_AGGRESSIVE;
				CLANG_WARN_UNREACHABLE_CODE = YES;
				CLANG_WARN__DUPLICATE_METHOD_MATCH = YES;
				COPY_PHASE_STRIP = NO;
				DEBUG_INFORMATION_FORMAT = "dwarf-with-dsym";
				ENABLE_NS_ASSERTIONS = NO;
				ENABLE_STRICT_OBJC_MSGSEND = YES;
				GCC_C_LANGUAGE_STANDARD = gnu11;
				GCC_NO_COMMON_BLOCKS = YES;
				GCC_WARN_64_TO_32_BIT_CONVERSION = YES;
				GCC_WARN_ABOUT_RETURN_TYPE = YES_ERROR;
				GCC_WARN_UNDECLARED_SELECTOR = YES;
				GCC_WARN_UNINITIALIZED_AUTOS = YES_AGGRESSIVE;
				GCC_WARN_UNUSED_FUNCTION = YES;
				GCC_WARN_UNUSED_VARIABLE = YES;
				IPHONEOS_DEPLOYMENT_TARGET = 11.4;
				MTL_ENABLE_DEBUG_INFO = NO;
				MTL_FAST_MATH = YES;
				SDKROOT = iphoneos;
				SWIFT_COMPILATION_MODE = wholemodule;
				SWIFT_OPTIMIZATION_LEVEL = "-O";
				VALIDATE_PRODUCT = YES;
			};
			name = Release;
		};
		F4C5EE3C2413FA64006EF511 /* Debug */ = {
			isa = XCBuildConfiguration;
			baseConfigurationReference = 833ED8627106000483168F6D /* Pods-tUP.debug.xcconfig */;
			buildSettings = {
				ASSETCATALOG_COMPILER_APPICON_NAME = AppIcon;
				CODE_SIGN_IDENTITY = "Apple Development";
				CODE_SIGN_STYLE = Automatic;
				DEVELOPMENT_TEAM = 4P92Y33YJZ;
				INFOPLIST_FILE = tUP/Info.plist;
				IPHONEOS_DEPLOYMENT_TARGET = 10.3;
				LD_RUNPATH_SEARCH_PATHS = (
					"$(inherited)",
					"@executable_path/Frameworks",
				);
				PRODUCT_BUNDLE_IDENTIFIER = New.PicORY.App;
				PRODUCT_NAME = PicORY;
				PROVISIONING_PROFILE_SPECIFIER = "";
				SWIFT_VERSION = 5.0;
				TARGETED_DEVICE_FAMILY = "1,2";
			};
			name = Debug;
		};
		F4C5EE3D2413FA64006EF511 /* Release */ = {
			isa = XCBuildConfiguration;
			baseConfigurationReference = 73BC08EA55625AC2263E4E02 /* Pods-tUP.release.xcconfig */;
			buildSettings = {
				ASSETCATALOG_COMPILER_APPICON_NAME = AppIcon;
				CODE_SIGN_IDENTITY = "Apple Development";
				CODE_SIGN_STYLE = Automatic;
				DEVELOPMENT_TEAM = 4P92Y33YJZ;
				INFOPLIST_FILE = tUP/Info.plist;
				IPHONEOS_DEPLOYMENT_TARGET = 10.3;
				LD_RUNPATH_SEARCH_PATHS = (
					"$(inherited)",
					"@executable_path/Frameworks",
				);
				PRODUCT_BUNDLE_IDENTIFIER = New.PicORY.App;
				PRODUCT_NAME = PicORY;
				PROVISIONING_PROFILE_SPECIFIER = "";
				SWIFT_VERSION = 5.0;
				TARGETED_DEVICE_FAMILY = "1,2";
			};
			name = Release;
		};
/* End XCBuildConfiguration section */

/* Begin XCConfigurationList section */
		F4C5EE222413FA62006EF511 /* Build configuration list for PBXProject "tUP" */ = {
			isa = XCConfigurationList;
			buildConfigurations = (
				F4C5EE392413FA64006EF511 /* Debug */,
				F4C5EE3A2413FA64006EF511 /* Release */,
			);
			defaultConfigurationIsVisible = 0;
			defaultConfigurationName = Release;
		};
		F4C5EE3B2413FA64006EF511 /* Build configuration list for PBXNativeTarget "tUP" */ = {
			isa = XCConfigurationList;
			buildConfigurations = (
				F4C5EE3C2413FA64006EF511 /* Debug */,
				F4C5EE3D2413FA64006EF511 /* Release */,
			);
			defaultConfigurationIsVisible = 0;
			defaultConfigurationName = Release;
		};
/* End XCConfigurationList section */
	};
	rootObject = F4C5EE1F2413FA62006EF511 /* Project object */;
}
